
Microsoft Visual Studio Solution File, Format Version 12.00
# Visual Studio Version 17
VisualStudioVersion = 17.0.31919.166
MinimumVisualStudioVersion = 10.0.40219.1
Project("{FAE04EC0-301F-11D3-BF4B-00C04F79EFBC}") = "ProcrastinationBlocker.Forest", "ProcrastinationBlocker.Forest\ProcrastinationBlocker.Forest.csproj", "{FEAFE359-C61E-4ABB-8176-DB45D29BCE52}"
EndProject
Project("{FAE04EC0-301F-11D3-BF4B-00C04F79EFBC}") = "ProcrastinationBlocker.Common", "ProcrastinationBlocker.Common\ProcrastinationBlocker.Common.csproj", "{433B21C6-0048-4FD9-A29A-38F24FCDDFA8}"
EndProject
Project("{FAE04EC0-301F-11D3-BF4B-00C04F79EFBC}") = "ProcrastinationBlocker.Forest.Test", "ProcrastinationBlocker.Forest.Test\ProcrastinationBlocker.Forest.Test.csproj", "{0CF7E771-2CE5-4D30-922A-3579064952B2}"
EndProject
Global
	GlobalSection(SolutionConfigurationPlatforms) = preSolution
		Debug|Any CPU = Debug|Any CPU
		Release|Any CPU = Release|Any CPU
	EndGlobalSection
	GlobalSection(ProjectConfigurationPlatforms) = postSolution
		{FEAFE359-C61E-4ABB-8176-DB45D29BCE52}.Debug|Any CPU.ActiveCfg = Debug|Any CPU
		{FEAFE359-C61E-4ABB-8176-DB45D29BCE52}.Debug|Any CPU.Build.0 = Debug|Any CPU
		{FEAFE359-C61E-4ABB-8176-DB45D29BCE52}.Release|Any CPU.ActiveCfg = Release|Any CPU
		{FEAFE359-C61E-4ABB-8176-DB45D29BCE52}.Release|Any CPU.Build.0 = Release|Any CPU
		{433B21C6-0048-4FD9-A29A-38F24FCDDFA8}.Debug|Any CPU.ActiveCfg = Debug|Any CPU
		{433B21C6-0048-4FD9-A29A-38F24FCDDFA8}.Debug|Any CPU.Build.0 = Debug|Any CPU
		{433B21C6-0048-4FD9-A29A-38F24FCDDFA8}.Release|Any CPU.ActiveCfg = Release|Any CPU
		{433B21C6-0048-4FD9-A29A-38F24FCDDFA8}.Release|Any CPU.Build.0 = Release|Any CPU
		{0CF7E771-2CE5-4D30-922A-3579064952B2}.Debug|Any CPU.ActiveCfg = Debug|Any CPU
		{0CF7E771-2CE5-4D30-922A-3579064952B2}.Debug|Any CPU.Build.0 = Debug|Any CPU
		{0CF7E771-2CE5-4D30-922A-3579064952B2}.Release|Any CPU.ActiveCfg = Release|Any CPU
		{0CF7E771-2CE5-4D30-922A-3579064952B2}.Release|Any CPU.Build.0 = Release|Any CPU
	EndGlobalSection
	GlobalSection(SolutionProperties) = preSolution
		HideSolutionNode = FALSE
	EndGlobalSection
	GlobalSection(ExtensibilityGlobals) = postSolution
		SolutionGuid = {A2D77644-370B-4349-AA6B-93E9E432C211}
	EndGlobalSection
EndGlobal
